// !$*UTF8*$!
{
	archiveVersion = 1;
	classes = {
	};
	objectVersion = 51;
	objects = {

/* Begin PBXBuildFile section */
<<<<<<< HEAD
		83C3471722B1D3FA0045ACD5 /* PetsViewController.swift in Sources */ = {isa = PBXBuildFile; fileRef = 83C3471622B1D3FA0045ACD5 /* PetsViewController.swift */; };
		83C3471D22B212150045ACD5 /* CellProtocol.swift in Sources */ = {isa = PBXBuildFile; fileRef = 83C3471C22B212150045ACD5 /* CellProtocol.swift */; };
		83C3471F22B29AC60045ACD5 /* CreatePetViewController.swift in Sources */ = {isa = PBXBuildFile; fileRef = 83C3471E22B29AC60045ACD5 /* CreatePetViewController.swift */; };
=======
		1643963122B18B7800EA34BD /* AddsViewController.swift in Sources */ = {isa = PBXBuildFile; fileRef = 1643963022B18B7800EA34BD /* AddsViewController.swift */; };
>>>>>>> master
		959CC8D222ADDE88006BB7DE /* AppDelegate.swift in Sources */ = {isa = PBXBuildFile; fileRef = 959CC8D122ADDE88006BB7DE /* AppDelegate.swift */; };
		959CC8D722ADDE88006BB7DE /* Main.storyboard in Resources */ = {isa = PBXBuildFile; fileRef = 959CC8D522ADDE88006BB7DE /* Main.storyboard */; };
		959CC8D922ADDE8A006BB7DE /* Assets.xcassets in Resources */ = {isa = PBXBuildFile; fileRef = 959CC8D822ADDE8A006BB7DE /* Assets.xcassets */; };
		959CC8DC22ADDE8A006BB7DE /* LaunchScreen.storyboard in Resources */ = {isa = PBXBuildFile; fileRef = 959CC8DA22ADDE8A006BB7DE /* LaunchScreen.storyboard */; };
		959CC8EB22ADDF2F006BB7DE /* User.swift in Sources */ = {isa = PBXBuildFile; fileRef = 959CC8EA22ADDF2F006BB7DE /* User.swift */; };
		959CC8EF22ADDF94006BB7DE /* UserProfile.storyboard in Resources */ = {isa = PBXBuildFile; fileRef = 959CC8EE22ADDF94006BB7DE /* UserProfile.storyboard */; };
		959CC8F122ADDFA0006BB7DE /* PetTasks.storyboard in Resources */ = {isa = PBXBuildFile; fileRef = 959CC8F022ADDFA0006BB7DE /* PetTasks.storyboard */; };
		959CC8F422ADDFB3006BB7DE /* PetProfile.storyboard in Resources */ = {isa = PBXBuildFile; fileRef = 959CC8F322ADDFB3006BB7DE /* PetProfile.storyboard */; };
		959CC8F622ADDFC6006BB7DE /* Adds.storyboard in Resources */ = {isa = PBXBuildFile; fileRef = 959CC8F522ADDFC6006BB7DE /* Adds.storyboard */; };
		959CC8FB22ADE022006BB7DE /* NetworkingManager.swift in Sources */ = {isa = PBXBuildFile; fileRef = 959CC8FA22ADE022006BB7DE /* NetworkingManager.swift */; };
		959CC8FD22ADE03C006BB7DE /* Networking.swift in Sources */ = {isa = PBXBuildFile; fileRef = 959CC8FC22ADE03C006BB7DE /* Networking.swift */; };
		959CC8FF22ADE04E006BB7DE /* SessionManager.swift in Sources */ = {isa = PBXBuildFile; fileRef = 959CC8FE22ADE04E006BB7DE /* SessionManager.swift */; };
		D5526186BC77E484E6D9CF1F /* Pods_HappyPawsiOS.framework in Frameworks */ = {isa = PBXBuildFile; fileRef = C361CA3E955675724897D04E /* Pods_HappyPawsiOS.framework */; };
/* End PBXBuildFile section */

/* Begin PBXFileReference section */
<<<<<<< HEAD
		12771A193F0C607414B656FD /* Pods-HappyPawsiOS.debug.xcconfig */ = {isa = PBXFileReference; includeInIndex = 1; lastKnownFileType = text.xcconfig; name = "Pods-HappyPawsiOS.debug.xcconfig"; path = "Pods/Target Support Files/Pods-HappyPawsiOS/Pods-HappyPawsiOS.debug.xcconfig"; sourceTree = "<group>"; };
		83C3471622B1D3FA0045ACD5 /* PetsViewController.swift */ = {isa = PBXFileReference; lastKnownFileType = sourcecode.swift; path = PetsViewController.swift; sourceTree = "<group>"; };
		83C3471C22B212150045ACD5 /* CellProtocol.swift */ = {isa = PBXFileReference; lastKnownFileType = sourcecode.swift; path = CellProtocol.swift; sourceTree = "<group>"; };
		83C3471E22B29AC60045ACD5 /* CreatePetViewController.swift */ = {isa = PBXFileReference; lastKnownFileType = sourcecode.swift; path = CreatePetViewController.swift; sourceTree = "<group>"; };
=======
		1643963022B18B7800EA34BD /* AddsViewController.swift */ = {isa = PBXFileReference; lastKnownFileType = sourcecode.swift; name = AddsViewController.swift; path = HappyPawsiOS/AddsViewController.swift; sourceTree = SOURCE_ROOT; };
		2B86258EE5EBE259943389D2 /* Pods_HappyPawsiOS.framework */ = {isa = PBXFileReference; explicitFileType = wrapper.framework; includeInIndex = 0; path = Pods_HappyPawsiOS.framework; sourceTree = BUILT_PRODUCTS_DIR; };
		4604A6EA46FEE6CAFBEA8719 /* Pods-HappyPawsiOS.debug.xcconfig */ = {isa = PBXFileReference; includeInIndex = 1; lastKnownFileType = text.xcconfig; name = "Pods-HappyPawsiOS.debug.xcconfig"; path = "Target Support Files/Pods-HappyPawsiOS/Pods-HappyPawsiOS.debug.xcconfig"; sourceTree = "<group>"; };
>>>>>>> master
		959CC8CE22ADDE88006BB7DE /* HappyPawsiOS.app */ = {isa = PBXFileReference; explicitFileType = wrapper.application; includeInIndex = 0; path = HappyPawsiOS.app; sourceTree = BUILT_PRODUCTS_DIR; };
		959CC8D122ADDE88006BB7DE /* AppDelegate.swift */ = {isa = PBXFileReference; lastKnownFileType = sourcecode.swift; path = AppDelegate.swift; sourceTree = "<group>"; };
		959CC8D622ADDE88006BB7DE /* Base */ = {isa = PBXFileReference; lastKnownFileType = file.storyboard; name = Base; path = Base.lproj/Main.storyboard; sourceTree = "<group>"; };
		959CC8D822ADDE8A006BB7DE /* Assets.xcassets */ = {isa = PBXFileReference; lastKnownFileType = folder.assetcatalog; path = Assets.xcassets; sourceTree = "<group>"; };
		959CC8DB22ADDE8A006BB7DE /* Base */ = {isa = PBXFileReference; lastKnownFileType = file.storyboard; name = Base; path = Base.lproj/LaunchScreen.storyboard; sourceTree = "<group>"; };
		959CC8DD22ADDE8A006BB7DE /* Info.plist */ = {isa = PBXFileReference; lastKnownFileType = text.plist.xml; path = Info.plist; sourceTree = "<group>"; };
		959CC8EA22ADDF2F006BB7DE /* User.swift */ = {isa = PBXFileReference; lastKnownFileType = sourcecode.swift; path = User.swift; sourceTree = "<group>"; };
		959CC8EE22ADDF94006BB7DE /* UserProfile.storyboard */ = {isa = PBXFileReference; lastKnownFileType = file.storyboard; path = UserProfile.storyboard; sourceTree = "<group>"; };
		959CC8F022ADDFA0006BB7DE /* PetTasks.storyboard */ = {isa = PBXFileReference; lastKnownFileType = file.storyboard; path = PetTasks.storyboard; sourceTree = "<group>"; };
		959CC8F322ADDFB3006BB7DE /* PetProfile.storyboard */ = {isa = PBXFileReference; lastKnownFileType = file.storyboard; path = PetProfile.storyboard; sourceTree = "<group>"; };
		959CC8F522ADDFC6006BB7DE /* Adds.storyboard */ = {isa = PBXFileReference; lastKnownFileType = file.storyboard; path = Adds.storyboard; sourceTree = "<group>"; };
		959CC8FA22ADE022006BB7DE /* NetworkingManager.swift */ = {isa = PBXFileReference; lastKnownFileType = sourcecode.swift; path = NetworkingManager.swift; sourceTree = "<group>"; };
		959CC8FC22ADE03C006BB7DE /* Networking.swift */ = {isa = PBXFileReference; lastKnownFileType = sourcecode.swift; path = Networking.swift; sourceTree = "<group>"; };
		959CC8FE22ADE04E006BB7DE /* SessionManager.swift */ = {isa = PBXFileReference; lastKnownFileType = sourcecode.swift; path = SessionManager.swift; sourceTree = "<group>"; };
		C361CA3E955675724897D04E /* Pods_HappyPawsiOS.framework */ = {isa = PBXFileReference; explicitFileType = wrapper.framework; includeInIndex = 0; path = Pods_HappyPawsiOS.framework; sourceTree = BUILT_PRODUCTS_DIR; };
		F74EE64530AE8C3DF7DD9C2C /* Pods-HappyPawsiOS.release.xcconfig */ = {isa = PBXFileReference; includeInIndex = 1; lastKnownFileType = text.xcconfig; name = "Pods-HappyPawsiOS.release.xcconfig"; path = "Pods/Target Support Files/Pods-HappyPawsiOS/Pods-HappyPawsiOS.release.xcconfig"; sourceTree = "<group>"; };
/* End PBXFileReference section */

/* Begin PBXFrameworksBuildPhase section */
		959CC8CB22ADDE88006BB7DE /* Frameworks */ = {
			isa = PBXFrameworksBuildPhase;
			buildActionMask = 2147483647;
			files = (
				D5526186BC77E484E6D9CF1F /* Pods_HappyPawsiOS.framework in Frameworks */,
			);
			runOnlyForDeploymentPostprocessing = 0;
		};
/* End PBXFrameworksBuildPhase section */

/* Begin PBXGroup section */
		2AC5328ED7BB474A6196D48C /* Frameworks */ = {
			isa = PBXGroup;
			children = (
				C361CA3E955675724897D04E /* Pods_HappyPawsiOS.framework */,
			);
			name = Frameworks;
			sourceTree = "<group>";
		};
		83C3471B22B211F50045ACD5 /* Protocols */ = {
			isa = PBXGroup;
			children = (
				83C3471C22B212150045ACD5 /* CellProtocol.swift */,
			);
			path = Protocols;
			sourceTree = "<group>";
		};
		959CC8C522ADDE88006BB7DE = {
			isa = PBXGroup;
			children = (
				959CC8D022ADDE88006BB7DE /* HappyPawsiOS */,
				959CC8CF22ADDE88006BB7DE /* Products */,
				F7943BB072F097CB7F4D148E /* Pods */,
				2AC5328ED7BB474A6196D48C /* Frameworks */,
			);
			sourceTree = "<group>";
		};
		959CC8CF22ADDE88006BB7DE /* Products */ = {
			isa = PBXGroup;
			children = (
				959CC8CE22ADDE88006BB7DE /* HappyPawsiOS.app */,
			);
			name = Products;
			sourceTree = "<group>";
		};
		959CC8D022ADDE88006BB7DE /* HappyPawsiOS */ = {
			isa = PBXGroup;
			children = (
				959CC8EC22ADDF49006BB7DE /* App */,
				959CC8E522ADDED0006BB7DE /* Models */,
				959CC8ED22ADDF71006BB7DE /* Storyboards */,
				959CC8F722ADDFD5006BB7DE /* ViewControllers */,
				959CC8F822ADDFFF006BB7DE /* Managers */,
				959CC90122ADE075006BB7DE /* Utilities */,
			);
			path = HappyPawsiOS;
			sourceTree = "<group>";
		};
		959CC8E522ADDED0006BB7DE /* Models */ = {
			isa = PBXGroup;
			children = (
				959CC8E922ADDEEC006BB7DE /* Entities */,
				959CC8E822ADDEE5006BB7DE /* Services */,
			);
			path = Models;
			sourceTree = "<group>";
		};
		959CC8E822ADDEE5006BB7DE /* Services */ = {
			isa = PBXGroup;
			children = (
			);
			path = Services;
			sourceTree = "<group>";
		};
		959CC8E922ADDEEC006BB7DE /* Entities */ = {
			isa = PBXGroup;
			children = (
				959CC8EA22ADDF2F006BB7DE /* User.swift */,
			);
			path = Entities;
			sourceTree = "<group>";
		};
		959CC8EC22ADDF49006BB7DE /* App */ = {
			isa = PBXGroup;
			children = (
				959CC8DD22ADDE8A006BB7DE /* Info.plist */,
				959CC8D122ADDE88006BB7DE /* AppDelegate.swift */,
			);
			path = App;
			sourceTree = "<group>";
		};
		959CC8ED22ADDF71006BB7DE /* Storyboards */ = {
			isa = PBXGroup;
			children = (
				959CC8DA22ADDE8A006BB7DE /* LaunchScreen.storyboard */,
				959CC8D522ADDE88006BB7DE /* Main.storyboard */,
				959CC8EE22ADDF94006BB7DE /* UserProfile.storyboard */,
				959CC8F022ADDFA0006BB7DE /* PetTasks.storyboard */,
				959CC8F322ADDFB3006BB7DE /* PetProfile.storyboard */,
				959CC8F522ADDFC6006BB7DE /* Adds.storyboard */,
			);
			path = Storyboards;
			sourceTree = "<group>";
		};
		959CC8F722ADDFD5006BB7DE /* ViewControllers */ = {
			isa = PBXGroup;
			children = (
<<<<<<< HEAD
				83C3471622B1D3FA0045ACD5 /* PetsViewController.swift */,
				83C3471E22B29AC60045ACD5 /* CreatePetViewController.swift */,
=======
				1643963022B18B7800EA34BD /* AddsViewController.swift */,
>>>>>>> master
			);
			path = ViewControllers;
			sourceTree = "<group>";
		};
		959CC8F822ADDFFF006BB7DE /* Managers */ = {
			isa = PBXGroup;
			children = (
				959CC8F922ADE005006BB7DE /* Networking Manager */,
				959CC90022ADE052006BB7DE /* Session Manager */,
			);
			path = Managers;
			sourceTree = "<group>";
		};
		959CC8F922ADE005006BB7DE /* Networking Manager */ = {
			isa = PBXGroup;
			children = (
				959CC8FA22ADE022006BB7DE /* NetworkingManager.swift */,
				959CC8FC22ADE03C006BB7DE /* Networking.swift */,
			);
			path = "Networking Manager";
			sourceTree = "<group>";
		};
		959CC90022ADE052006BB7DE /* Session Manager */ = {
			isa = PBXGroup;
			children = (
				959CC8FE22ADE04E006BB7DE /* SessionManager.swift */,
			);
			path = "Session Manager";
			sourceTree = "<group>";
		};
		959CC90122ADE075006BB7DE /* Utilities */ = {
			isa = PBXGroup;
			children = (
				83C3471B22B211F50045ACD5 /* Protocols */,
				959CC8D822ADDE8A006BB7DE /* Assets.xcassets */,
			);
			path = Utilities;
			sourceTree = "<group>";
		};
		F7943BB072F097CB7F4D148E /* Pods */ = {
			isa = PBXGroup;
			children = (
				12771A193F0C607414B656FD /* Pods-HappyPawsiOS.debug.xcconfig */,
				F74EE64530AE8C3DF7DD9C2C /* Pods-HappyPawsiOS.release.xcconfig */,
			);
<<<<<<< HEAD
			name = Pods;
=======
			path = Pods;
>>>>>>> master
			sourceTree = "<group>";
		};
/* End PBXGroup section */

/* Begin PBXNativeTarget section */
		959CC8CD22ADDE88006BB7DE /* HappyPawsiOS */ = {
			isa = PBXNativeTarget;
			buildConfigurationList = 959CC8E022ADDE8A006BB7DE /* Build configuration list for PBXNativeTarget "HappyPawsiOS" */;
			buildPhases = (
				FA2D1417E409249057CD04F5 /* [CP] Check Pods Manifest.lock */,
				959CC8CA22ADDE88006BB7DE /* Sources */,
				959CC8CB22ADDE88006BB7DE /* Frameworks */,
				959CC8CC22ADDE88006BB7DE /* Resources */,
				A86A87F64B79B56006861FC9 /* [CP] Embed Pods Frameworks */,
			);
			buildRules = (
			);
			dependencies = (
			);
			name = HappyPawsiOS;
			productName = HappyPawsiOS;
			productReference = 959CC8CE22ADDE88006BB7DE /* HappyPawsiOS.app */;
			productType = "com.apple.product-type.application";
		};
/* End PBXNativeTarget section */

/* Begin PBXProject section */
		959CC8C622ADDE88006BB7DE /* Project object */ = {
			isa = PBXProject;
			attributes = {
				LastSwiftUpdateCheck = 1020;
				LastUpgradeCheck = 1020;
				ORGANIZATIONNAME = UPC;
				TargetAttributes = {
					959CC8CD22ADDE88006BB7DE = {
						CreatedOnToolsVersion = 10.2.1;
					};
				};
			};
			buildConfigurationList = 959CC8C922ADDE88006BB7DE /* Build configuration list for PBXProject "HappyPawsiOS" */;
			compatibilityVersion = "Xcode 9.3";
			developmentRegion = en;
			hasScannedForEncodings = 0;
			knownRegions = (
				en,
				Base,
			);
			mainGroup = 959CC8C522ADDE88006BB7DE;
			productRefGroup = 959CC8CF22ADDE88006BB7DE /* Products */;
			projectDirPath = "";
			projectRoot = "";
			targets = (
				959CC8CD22ADDE88006BB7DE /* HappyPawsiOS */,
			);
		};
/* End PBXProject section */

/* Begin PBXResourcesBuildPhase section */
		959CC8CC22ADDE88006BB7DE /* Resources */ = {
			isa = PBXResourcesBuildPhase;
			buildActionMask = 2147483647;
			files = (
				959CC8DC22ADDE8A006BB7DE /* LaunchScreen.storyboard in Resources */,
				959CC8EF22ADDF94006BB7DE /* UserProfile.storyboard in Resources */,
				959CC8F422ADDFB3006BB7DE /* PetProfile.storyboard in Resources */,
				959CC8D922ADDE8A006BB7DE /* Assets.xcassets in Resources */,
				959CC8F622ADDFC6006BB7DE /* Adds.storyboard in Resources */,
				959CC8F122ADDFA0006BB7DE /* PetTasks.storyboard in Resources */,
				959CC8D722ADDE88006BB7DE /* Main.storyboard in Resources */,
			);
			runOnlyForDeploymentPostprocessing = 0;
		};
/* End PBXResourcesBuildPhase section */

/* Begin PBXShellScriptBuildPhase section */
		A86A87F64B79B56006861FC9 /* [CP] Embed Pods Frameworks */ = {
			isa = PBXShellScriptBuildPhase;
			buildActionMask = 2147483647;
			files = (
			);
			inputFileListPaths = (
<<<<<<< HEAD
			);
			inputPaths = (
				"${SRCROOT}/Pods/Target Support Files/Pods-HappyPawsiOS/Pods-HappyPawsiOS-frameworks.sh",
				"${BUILT_PRODUCTS_DIR}/Alamofire/Alamofire.framework",
=======
				"${PODS_ROOT}/Target Support Files/Pods-HappyPawsiOS/Pods-HappyPawsiOS-frameworks-${CONFIGURATION}-input-files.xcfilelist",
>>>>>>> master
			);
			name = "[CP] Embed Pods Frameworks";
			outputFileListPaths = (
				"${PODS_ROOT}/Target Support Files/Pods-HappyPawsiOS/Pods-HappyPawsiOS-frameworks-${CONFIGURATION}-output-files.xcfilelist",
			);
			runOnlyForDeploymentPostprocessing = 0;
			shellPath = /bin/sh;
			shellScript = "\"${SRCROOT}/Pods/Target Support Files/Pods-HappyPawsiOS/Pods-HappyPawsiOS-frameworks.sh\"\n";
			showEnvVarsInLog = 0;
		};
		FA2D1417E409249057CD04F5 /* [CP] Check Pods Manifest.lock */ = {
			isa = PBXShellScriptBuildPhase;
			buildActionMask = 2147483647;
			files = (
			);
			inputFileListPaths = (
			);
			inputPaths = (
				"${PODS_PODFILE_DIR_PATH}/Podfile.lock",
				"${PODS_ROOT}/Manifest.lock",
			);
			name = "[CP] Check Pods Manifest.lock";
			outputFileListPaths = (
			);
			outputPaths = (
				"$(DERIVED_FILE_DIR)/Pods-HappyPawsiOS-checkManifestLockResult.txt",
			);
			runOnlyForDeploymentPostprocessing = 0;
			shellPath = /bin/sh;
			shellScript = "diff \"${PODS_PODFILE_DIR_PATH}/Podfile.lock\" \"${PODS_ROOT}/Manifest.lock\" > /dev/null\nif [ $? != 0 ] ; then\n    # print error to STDERR\n    echo \"error: The sandbox is not in sync with the Podfile.lock. Run 'pod install' or update your CocoaPods installation.\" >&2\n    exit 1\nfi\n# This output is used by Xcode 'outputs' to avoid re-running this script phase.\necho \"SUCCESS\" > \"${SCRIPT_OUTPUT_FILE_0}\"\n";
			showEnvVarsInLog = 0;
		};
/* End PBXShellScriptBuildPhase section */

/* Begin PBXSourcesBuildPhase section */
		959CC8CA22ADDE88006BB7DE /* Sources */ = {
			isa = PBXSourcesBuildPhase;
			buildActionMask = 2147483647;
			files = (
				1643963122B18B7800EA34BD /* AddsViewController.swift in Sources */,
				959CC8FB22ADE022006BB7DE /* NetworkingManager.swift in Sources */,
				959CC8EB22ADDF2F006BB7DE /* User.swift in Sources */,
				959CC8D222ADDE88006BB7DE /* AppDelegate.swift in Sources */,
				83C3471D22B212150045ACD5 /* CellProtocol.swift in Sources */,
				83C3471F22B29AC60045ACD5 /* CreatePetViewController.swift in Sources */,
				959CC8FF22ADE04E006BB7DE /* SessionManager.swift in Sources */,
				959CC8FD22ADE03C006BB7DE /* Networking.swift in Sources */,
				83C3471722B1D3FA0045ACD5 /* PetsViewController.swift in Sources */,
			);
			runOnlyForDeploymentPostprocessing = 0;
		};
/* End PBXSourcesBuildPhase section */

/* Begin PBXVariantGroup section */
		959CC8D522ADDE88006BB7DE /* Main.storyboard */ = {
			isa = PBXVariantGroup;
			children = (
				959CC8D622ADDE88006BB7DE /* Base */,
			);
			name = Main.storyboard;
			sourceTree = "<group>";
		};
		959CC8DA22ADDE8A006BB7DE /* LaunchScreen.storyboard */ = {
			isa = PBXVariantGroup;
			children = (
				959CC8DB22ADDE8A006BB7DE /* Base */,
			);
			name = LaunchScreen.storyboard;
			sourceTree = "<group>";
		};
/* End PBXVariantGroup section */

/* Begin XCBuildConfiguration section */
		959CC8DE22ADDE8A006BB7DE /* Debug */ = {
			isa = XCBuildConfiguration;
			buildSettings = {
				ALWAYS_SEARCH_USER_PATHS = NO;
				CLANG_ANALYZER_NONNULL = YES;
				CLANG_ANALYZER_NUMBER_OBJECT_CONVERSION = YES_AGGRESSIVE;
				CLANG_CXX_LANGUAGE_STANDARD = "gnu++14";
				CLANG_CXX_LIBRARY = "libc++";
				CLANG_ENABLE_MODULES = YES;
				CLANG_ENABLE_OBJC_ARC = YES;
				CLANG_ENABLE_OBJC_WEAK = YES;
				CLANG_WARN_BLOCK_CAPTURE_AUTORELEASING = YES;
				CLANG_WARN_BOOL_CONVERSION = YES;
				CLANG_WARN_COMMA = YES;
				CLANG_WARN_CONSTANT_CONVERSION = YES;
				CLANG_WARN_DEPRECATED_OBJC_IMPLEMENTATIONS = YES;
				CLANG_WARN_DIRECT_OBJC_ISA_USAGE = YES_ERROR;
				CLANG_WARN_DOCUMENTATION_COMMENTS = YES;
				CLANG_WARN_EMPTY_BODY = YES;
				CLANG_WARN_ENUM_CONVERSION = YES;
				CLANG_WARN_INFINITE_RECURSION = YES;
				CLANG_WARN_INT_CONVERSION = YES;
				CLANG_WARN_NON_LITERAL_NULL_CONVERSION = YES;
				CLANG_WARN_OBJC_IMPLICIT_RETAIN_SELF = YES;
				CLANG_WARN_OBJC_LITERAL_CONVERSION = YES;
				CLANG_WARN_OBJC_ROOT_CLASS = YES_ERROR;
				CLANG_WARN_RANGE_LOOP_ANALYSIS = YES;
				CLANG_WARN_STRICT_PROTOTYPES = YES;
				CLANG_WARN_SUSPICIOUS_MOVE = YES;
				CLANG_WARN_UNGUARDED_AVAILABILITY = YES_AGGRESSIVE;
				CLANG_WARN_UNREACHABLE_CODE = YES;
				CLANG_WARN__DUPLICATE_METHOD_MATCH = YES;
				CODE_SIGN_IDENTITY = "iPhone Developer";
				COPY_PHASE_STRIP = NO;
				DEBUG_INFORMATION_FORMAT = dwarf;
				ENABLE_STRICT_OBJC_MSGSEND = YES;
				ENABLE_TESTABILITY = YES;
				GCC_C_LANGUAGE_STANDARD = gnu11;
				GCC_DYNAMIC_NO_PIC = NO;
				GCC_NO_COMMON_BLOCKS = YES;
				GCC_OPTIMIZATION_LEVEL = 0;
				GCC_PREPROCESSOR_DEFINITIONS = (
					"DEBUG=1",
					"$(inherited)",
				);
				GCC_WARN_64_TO_32_BIT_CONVERSION = YES;
				GCC_WARN_ABOUT_RETURN_TYPE = YES_ERROR;
				GCC_WARN_UNDECLARED_SELECTOR = YES;
				GCC_WARN_UNINITIALIZED_AUTOS = YES_AGGRESSIVE;
				GCC_WARN_UNUSED_FUNCTION = YES;
				GCC_WARN_UNUSED_VARIABLE = YES;
				IPHONEOS_DEPLOYMENT_TARGET = 12.2;
				MTL_ENABLE_DEBUG_INFO = INCLUDE_SOURCE;
				MTL_FAST_MATH = YES;
				ONLY_ACTIVE_ARCH = YES;
				SDKROOT = iphoneos;
				SWIFT_ACTIVE_COMPILATION_CONDITIONS = DEBUG;
				SWIFT_OPTIMIZATION_LEVEL = "-Onone";
			};
			name = Debug;
		};
		959CC8DF22ADDE8A006BB7DE /* Release */ = {
			isa = XCBuildConfiguration;
			buildSettings = {
				ALWAYS_SEARCH_USER_PATHS = NO;
				CLANG_ANALYZER_NONNULL = YES;
				CLANG_ANALYZER_NUMBER_OBJECT_CONVERSION = YES_AGGRESSIVE;
				CLANG_CXX_LANGUAGE_STANDARD = "gnu++14";
				CLANG_CXX_LIBRARY = "libc++";
				CLANG_ENABLE_MODULES = YES;
				CLANG_ENABLE_OBJC_ARC = YES;
				CLANG_ENABLE_OBJC_WEAK = YES;
				CLANG_WARN_BLOCK_CAPTURE_AUTORELEASING = YES;
				CLANG_WARN_BOOL_CONVERSION = YES;
				CLANG_WARN_COMMA = YES;
				CLANG_WARN_CONSTANT_CONVERSION = YES;
				CLANG_WARN_DEPRECATED_OBJC_IMPLEMENTATIONS = YES;
				CLANG_WARN_DIRECT_OBJC_ISA_USAGE = YES_ERROR;
				CLANG_WARN_DOCUMENTATION_COMMENTS = YES;
				CLANG_WARN_EMPTY_BODY = YES;
				CLANG_WARN_ENUM_CONVERSION = YES;
				CLANG_WARN_INFINITE_RECURSION = YES;
				CLANG_WARN_INT_CONVERSION = YES;
				CLANG_WARN_NON_LITERAL_NULL_CONVERSION = YES;
				CLANG_WARN_OBJC_IMPLICIT_RETAIN_SELF = YES;
				CLANG_WARN_OBJC_LITERAL_CONVERSION = YES;
				CLANG_WARN_OBJC_ROOT_CLASS = YES_ERROR;
				CLANG_WARN_RANGE_LOOP_ANALYSIS = YES;
				CLANG_WARN_STRICT_PROTOTYPES = YES;
				CLANG_WARN_SUSPICIOUS_MOVE = YES;
				CLANG_WARN_UNGUARDED_AVAILABILITY = YES_AGGRESSIVE;
				CLANG_WARN_UNREACHABLE_CODE = YES;
				CLANG_WARN__DUPLICATE_METHOD_MATCH = YES;
				CODE_SIGN_IDENTITY = "iPhone Developer";
				COPY_PHASE_STRIP = NO;
				DEBUG_INFORMATION_FORMAT = "dwarf-with-dsym";
				ENABLE_NS_ASSERTIONS = NO;
				ENABLE_STRICT_OBJC_MSGSEND = YES;
				GCC_C_LANGUAGE_STANDARD = gnu11;
				GCC_NO_COMMON_BLOCKS = YES;
				GCC_WARN_64_TO_32_BIT_CONVERSION = YES;
				GCC_WARN_ABOUT_RETURN_TYPE = YES_ERROR;
				GCC_WARN_UNDECLARED_SELECTOR = YES;
				GCC_WARN_UNINITIALIZED_AUTOS = YES_AGGRESSIVE;
				GCC_WARN_UNUSED_FUNCTION = YES;
				GCC_WARN_UNUSED_VARIABLE = YES;
				IPHONEOS_DEPLOYMENT_TARGET = 12.2;
				MTL_ENABLE_DEBUG_INFO = NO;
				MTL_FAST_MATH = YES;
				SDKROOT = iphoneos;
				SWIFT_COMPILATION_MODE = wholemodule;
				SWIFT_OPTIMIZATION_LEVEL = "-O";
				VALIDATE_PRODUCT = YES;
			};
			name = Release;
		};
		959CC8E122ADDE8A006BB7DE /* Debug */ = {
			isa = XCBuildConfiguration;
			baseConfigurationReference = 12771A193F0C607414B656FD /* Pods-HappyPawsiOS.debug.xcconfig */;
			buildSettings = {
				ASSETCATALOG_COMPILER_APPICON_NAME = AppIcon;
				CODE_SIGN_STYLE = Automatic;
				DEVELOPMENT_TEAM = 83JMLW3YKH;
				INFOPLIST_FILE = "$(SRCROOT)/HappyPawsiOS/App/Info.plist";
				IPHONEOS_DEPLOYMENT_TARGET = 11.0;
				LD_RUNPATH_SEARCH_PATHS = (
					"$(inherited)",
					"@executable_path/Frameworks",
				);
				PRODUCT_BUNDLE_IDENTIFIER = pe.edu.upc.HappyPawsiOS1;
				PRODUCT_NAME = "$(TARGET_NAME)";
				SWIFT_VERSION = 5.0;
				TARGETED_DEVICE_FAMILY = "1,2";
			};
			name = Debug;
		};
		959CC8E222ADDE8A006BB7DE /* Release */ = {
			isa = XCBuildConfiguration;
			baseConfigurationReference = F74EE64530AE8C3DF7DD9C2C /* Pods-HappyPawsiOS.release.xcconfig */;
			buildSettings = {
				ASSETCATALOG_COMPILER_APPICON_NAME = AppIcon;
				CODE_SIGN_STYLE = Automatic;
				DEVELOPMENT_TEAM = 83JMLW3YKH;
				INFOPLIST_FILE = "$(SRCROOT)/HappyPawsiOS/App/Info.plist";
				IPHONEOS_DEPLOYMENT_TARGET = 11.0;
				LD_RUNPATH_SEARCH_PATHS = (
					"$(inherited)",
					"@executable_path/Frameworks",
				);
				PRODUCT_BUNDLE_IDENTIFIER = pe.edu.upc.HappyPawsiOS1;
				PRODUCT_NAME = "$(TARGET_NAME)";
				SWIFT_VERSION = 5.0;
				TARGETED_DEVICE_FAMILY = "1,2";
			};
			name = Release;
		};
/* End XCBuildConfiguration section */

/* Begin XCConfigurationList section */
		959CC8C922ADDE88006BB7DE /* Build configuration list for PBXProject "HappyPawsiOS" */ = {
			isa = XCConfigurationList;
			buildConfigurations = (
				959CC8DE22ADDE8A006BB7DE /* Debug */,
				959CC8DF22ADDE8A006BB7DE /* Release */,
			);
			defaultConfigurationIsVisible = 0;
			defaultConfigurationName = Release;
		};
		959CC8E022ADDE8A006BB7DE /* Build configuration list for PBXNativeTarget "HappyPawsiOS" */ = {
			isa = XCConfigurationList;
			buildConfigurations = (
				959CC8E122ADDE8A006BB7DE /* Debug */,
				959CC8E222ADDE8A006BB7DE /* Release */,
			);
			defaultConfigurationIsVisible = 0;
			defaultConfigurationName = Release;
		};
/* End XCConfigurationList section */
	};
	rootObject = 959CC8C622ADDE88006BB7DE /* Project object */;
}
